
Microsoft Visual Studio Solution File, Format Version 12.00
# Visual Studio Version 17
VisualStudioVersion = 17.13.35806.99
MinimumVisualStudioVersion = 10.0.40219.1
Project("{9A19103F-16F7-4668-BE54-9A1E7A4F7556}") = "InternshipManagementSystem.WebAPI", "InternshipManagementSystem.WebAPI\InternshipManagementSystem.WebAPI.csproj", "{52C51EC5-BE21-45C7-A91D-26A2F04343C3}"
EndProject
Project("{9A19103F-16F7-4668-BE54-9A1E7A4F7556}") = "InternshipManagementSystem.Core", "InternshipManagementSystem.Core\InternshipManagementSystem.Core.csproj", "{ED8EB246-3A49-4A54-94E8-C50EFE2404A6}"
EndProject
Project("{9A19103F-16F7-4668-BE54-9A1E7A4F7556}") = "InternshipManagementSystem.Infrastructure", "InternshipManagementSystem.Infrastructure\InternshipManagementSystem.Infrastructure.csproj", "{4023EE97-EA5A-4479-9674-64E8200EE24D}"
EndProject
Project("{9A19103F-16F7-4668-BE54-9A1E7A4F7556}") = "InternshipManagementSystem.Application", "InternshipManagementSystem.Application\InternshipManagementSystem.Application.csproj", "{72DD76A4-AB79-4324-A99F-286B5A894D68}"
EndProject
Project("{FAE04EC0-301F-11D3-BF4B-00C04F79EFBC}") = "InternshipManagementSystem.Tests", "InternshipManagementSystem.Tests\InternshipManagementSystem.Tests.csproj", "{33AF5ABD-0331-487D-BA34-005504B2B260}"
EndProject
Global
	GlobalSection(SolutionConfigurationPlatforms) = preSolution
		Debug|Any CPU = Debug|Any CPU
		Release|Any CPU = Release|Any CPU
	EndGlobalSection
	GlobalSection(ProjectConfigurationPlatforms) = postSolution
		{52C51EC5-BE21-45C7-A91D-26A2F04343C3}.Debug|Any CPU.ActiveCfg = Debug|Any CPU
		{52C51EC5-BE21-45C7-A91D-26A2F04343C3}.Debug|Any CPU.Build.0 = Debug|Any CPU
		{52C51EC5-BE21-45C7-A91D-26A2F04343C3}.Release|Any CPU.ActiveCfg = Release|Any CPU
		{52C51EC5-BE21-45C7-A91D-26A2F04343C3}.Release|Any CPU.Build.0 = Release|Any CPU
		{ED8EB246-3A49-4A54-94E8-C50EFE2404A6}.Debug|Any CPU.ActiveCfg = Debug|Any CPU
		{ED8EB246-3A49-4A54-94E8-C50EFE2404A6}.Debug|Any CPU.Build.0 = Debug|Any CPU
		{ED8EB246-3A49-4A54-94E8-C50EFE2404A6}.Release|Any CPU.ActiveCfg = Release|Any CPU
		{ED8EB246-3A49-4A54-94E8-C50EFE2404A6}.Release|Any CPU.Build.0 = Release|Any CPU
		{4023EE97-EA5A-4479-9674-64E8200EE24D}.Debug|Any CPU.ActiveCfg = Debug|Any CPU
		{4023EE97-EA5A-4479-9674-64E8200EE24D}.Debug|Any CPU.Build.0 = Debug|Any CPU
		{4023EE97-EA5A-4479-9674-64E8200EE24D}.Release|Any CPU.ActiveCfg = Release|Any CPU
		{4023EE97-EA5A-4479-9674-64E8200EE24D}.Release|Any CPU.Build.0 = Release|Any CPU
		{72DD76A4-AB79-4324-A99F-286B5A894D68}.Debug|Any CPU.ActiveCfg = Debug|Any CPU
		{72DD76A4-AB79-4324-A99F-286B5A894D68}.Debug|Any CPU.Build.0 = Debug|Any CPU
		{72DD76A4-AB79-4324-A99F-286B5A894D68}.Release|Any CPU.ActiveCfg = Release|Any CPU
		{72DD76A4-AB79-4324-A99F-286B5A894D68}.Release|Any CPU.Build.0 = Release|Any CPU
		{33AF5ABD-0331-487D-BA34-005504B2B260}.Debug|Any CPU.ActiveCfg = Debug|Any CPU
		{33AF5ABD-0331-487D-BA34-005504B2B260}.Debug|Any CPU.Build.0 = Debug|Any CPU
		{33AF5ABD-0331-487D-BA34-005504B2B260}.Release|Any CPU.ActiveCfg = Release|Any CPU
		{33AF5ABD-0331-487D-BA34-005504B2B260}.Release|Any CPU.Build.0 = Release|Any CPU
	EndGlobalSection
	GlobalSection(SolutionProperties) = preSolution
		HideSolutionNode = FALSE
	EndGlobalSection
	GlobalSection(ExtensibilityGlobals) = postSolution
		SolutionGuid = {5137223E-A449-4BBB-A7F9-B3ACFDE343D9}
	EndGlobalSection
EndGlobal
